
Microsoft Visual Studio Solution File, Format Version 12.00
# Visual Studio 2012
Project("{FAE04EC0-301F-11D3-BF4B-00C04F79EFBC}") = "P-DAO", "P-DAO\P-DAO.csproj", "{34A4ACE6-FD72-4A27-866D-4E96F8650D39}"
EndProject
Global
	GlobalSection(SolutionConfigurationPlatforms) = preSolution
		Debug|Any CPU = Debug|Any CPU
		Release|Any CPU = Release|Any CPU
	EndGlobalSection
	GlobalSection(ProjectConfigurationPlatforms) = postSolution
		{34A4ACE6-FD72-4A27-866D-4E96F8650D39}.Debug|Any CPU.ActiveCfg = Debug|Any CPU
		{34A4ACE6-FD72-4A27-866D-4E96F8650D39}.Debug|Any CPU.Build.0 = Debug|Any CPU
		{34A4ACE6-FD72-4A27-866D-4E96F8650D39}.Release|Any CPU.ActiveCfg = Release|Any CPU
		{34A4ACE6-FD72-4A27-866D-4E96F8650D39}.Release|Any CPU.Build.0 = Release|Any CPU
	EndGlobalSection
	GlobalSection(SolutionProperties) = preSolution
		HideSolutionNode = FALSE
	EndGlobalSection
EndGlobal
